// !$*UTF8*$!
{
	archiveVersion = 1;
	classes = {
	};
	objectVersion = 46;
	objects = {

/* Begin PBXBuildFile section */
		60579D1F1C8FC34D00801A88 /* main.m in Sources */ = {isa = PBXBuildFile; fileRef = 60579D1E1C8FC34D00801A88 /* main.m */; };
		60579D221C8FC34D00801A88 /* AppDelegate.m in Sources */ = {isa = PBXBuildFile; fileRef = 60579D211C8FC34D00801A88 /* AppDelegate.m */; };
		60579D251C8FC34D00801A88 /* ViewController.m in Sources */ = {isa = PBXBuildFile; fileRef = 60579D241C8FC34D00801A88 /* ViewController.m */; };
		60579D281C8FC34D00801A88 /* Main.storyboard in Resources */ = {isa = PBXBuildFile; fileRef = 60579D261C8FC34D00801A88 /* Main.storyboard */; };
		60579D2A1C8FC34D00801A88 /* Assets.xcassets in Resources */ = {isa = PBXBuildFile; fileRef = 60579D291C8FC34D00801A88 /* Assets.xcassets */; };
		60579D2D1C8FC34D00801A88 /* LaunchScreen.storyboard in Resources */ = {isa = PBXBuildFile; fileRef = 60579D2B1C8FC34D00801A88 /* LaunchScreen.storyboard */; };
		60579D381C8FC34D00801A88 /* RiffTests.m in Sources */ = {isa = PBXBuildFile; fileRef = 60579D371C8FC34D00801A88 /* RiffTests.m */; };
		60579D431C8FC34D00801A88 /* RiffUITests.m in Sources */ = {isa = PBXBuildFile; fileRef = 60579D421C8FC34D00801A88 /* RiffUITests.m */; };
		60579D571C90003F00801A88 /* MainViewController.m in Sources */ = {isa = PBXBuildFile; fileRef = 60579D551C90003F00801A88 /* MainViewController.m */; };
		60579D581C90003F00801A88 /* MainViewController.xib in Resources */ = {isa = PBXBuildFile; fileRef = 60579D561C90003F00801A88 /* MainViewController.xib */; };
		60579D5C1C90050600801A88 /* RiffNavigationController.m in Sources */ = {isa = PBXBuildFile; fileRef = 60579D5A1C90050600801A88 /* RiffNavigationController.m */; };
		60579D5D1C90050600801A88 /* RiffNavigationController.xib in Resources */ = {isa = PBXBuildFile; fileRef = 60579D5B1C90050600801A88 /* RiffNavigationController.xib */; };
		60579D611C900DAD00801A88 /* BasicViewController.m in Sources */ = {isa = PBXBuildFile; fileRef = 60579D5F1C900DAD00801A88 /* BasicViewController.m */; };
		60579D621C900DAD00801A88 /* BasicViewController.xib in Resources */ = {isa = PBXBuildFile; fileRef = 60579D601C900DAD00801A88 /* BasicViewController.xib */; };
		60579D671C9022CE00801A88 /* RiffDataSource.m in Sources */ = {isa = PBXBuildFile; fileRef = 60579D661C9022CE00801A88 /* RiffDataSource.m */; };
		60579D6A1C9022E900801A88 /* PersonInfoDataSource.m in Sources */ = {isa = PBXBuildFile; fileRef = 60579D691C9022E900801A88 /* PersonInfoDataSource.m */; };
		60579D6D1C90230100801A88 /* SettingDataSource.m in Sources */ = {isa = PBXBuildFile; fileRef = 60579D6C1C90230100801A88 /* SettingDataSource.m */; };
		60579D701C91106C00801A88 /* RiffNetworkManager.m in Sources */ = {isa = PBXBuildFile; fileRef = 60579D6F1C91106C00801A88 /* RiffNetworkManager.m */; };
		6086BFAD1C966774001F3702 /* ExitCell.m in Sources */ = {isa = PBXBuildFile; fileRef = 6086BFAB1C966774001F3702 /* ExitCell.m */; };
		6086BFAE1C966774001F3702 /* ExitCell.xib in Resources */ = {isa = PBXBuildFile; fileRef = 6086BFAC1C966774001F3702 /* ExitCell.xib */; };
		6086BFB41C968B73001F3702 /* LoginViewController.m in Sources */ = {isa = PBXBuildFile; fileRef = 6086BFB21C968B73001F3702 /* LoginViewController.m */; };
		6086BFB51C968B73001F3702 /* LoginViewController.xib in Resources */ = {isa = PBXBuildFile; fileRef = 6086BFB31C968B73001F3702 /* LoginViewController.xib */; };
		6086BFB91C968B98001F3702 /* SignupViewController.m in Sources */ = {isa = PBXBuildFile; fileRef = 6086BFB71C968B98001F3702 /* SignupViewController.m */; };
		6086BFBA1C968B98001F3702 /* SignupViewController.xib in Resources */ = {isa = PBXBuildFile; fileRef = 6086BFB81C968B98001F3702 /* SignupViewController.xib */; };
		6086BFBE1C968BB3001F3702 /* SetPwdViewController.m in Sources */ = {isa = PBXBuildFile; fileRef = 6086BFBC1C968BB3001F3702 /* SetPwdViewController.m */; };
		6086BFBF1C968BB3001F3702 /* SetPwdViewController.xib in Resources */ = {isa = PBXBuildFile; fileRef = 6086BFBD1C968BB3001F3702 /* SetPwdViewController.xib */; };
		608B3FE81C99346E00E0615B /* NotificationViewController.m in Sources */ = {isa = PBXBuildFile; fileRef = 608B3FE61C99346E00E0615B /* NotificationViewController.m */; };
		608B3FE91C99346E00E0615B /* NotificationViewController.xib in Resources */ = {isa = PBXBuildFile; fileRef = 608B3FE71C99346E00E0615B /* NotificationViewController.xib */; };
		608B3FED1C99373600E0615B /* NewNotificationCell.m in Sources */ = {isa = PBXBuildFile; fileRef = 608B3FEB1C99373600E0615B /* NewNotificationCell.m */; };
		608B3FEE1C99373600E0615B /* NewNotificationCell.xib in Resources */ = {isa = PBXBuildFile; fileRef = 608B3FEC1C99373600E0615B /* NewNotificationCell.xib */; };
		608B3FF21C99454400E0615B /* BasicInfoViewController.m in Sources */ = {isa = PBXBuildFile; fileRef = 608B3FF01C99454400E0615B /* BasicInfoViewController.m */; };
		608B3FF31C99454400E0615B /* BasicInfoViewController.xib in Resources */ = {isa = PBXBuildFile; fileRef = 608B3FF11C99454400E0615B /* BasicInfoViewController.xib */; };
		608B3FF81C99460E00E0615B /* BasicInfoAvatarCell.m in Sources */ = {isa = PBXBuildFile; fileRef = 608B3FF61C99460E00E0615B /* BasicInfoAvatarCell.m */; };
		608B3FF91C99460E00E0615B /* BasicInfoAvatarCell.xib in Resources */ = {isa = PBXBuildFile; fileRef = 608B3FF71C99460E00E0615B /* BasicInfoAvatarCell.xib */; };
		6097F9A61C91529F0053CE79 /* AdvCell.m in Sources */ = {isa = PBXBuildFile; fileRef = 6097F9A41C91529F0053CE79 /* AdvCell.m */; };
		6097F9A71C91529F0053CE79 /* AdvCell.xib in Resources */ = {isa = PBXBuildFile; fileRef = 6097F9A51C91529F0053CE79 /* AdvCell.xib */; };
		6097F9AB1C915D3E0053CE79 /* PersonalFirstCell.m in Sources */ = {isa = PBXBuildFile; fileRef = 6097F9A91C915D3E0053CE79 /* PersonalFirstCell.m */; };
		6097F9AC1C915D3E0053CE79 /* PersonalFirstCell.xib in Resources */ = {isa = PBXBuildFile; fileRef = 6097F9AA1C915D3E0053CE79 /* PersonalFirstCell.xib */; };
		6097F9B01C9163D20053CE79 /* PersonalSecondCell.m in Sources */ = {isa = PBXBuildFile; fileRef = 6097F9AE1C9163D20053CE79 /* PersonalSecondCell.m */; };
		6097F9B11C9163D20053CE79 /* PersonalSecondCell.xib in Resources */ = {isa = PBXBuildFile; fileRef = 6097F9AF1C9163D20053CE79 /* PersonalSecondCell.xib */; };
		6097F9B51C9171760053CE79 /* SocialViewController.m in Sources */ = {isa = PBXBuildFile; fileRef = 6097F9B31C9171760053CE79 /* SocialViewController.m */; };
		6097F9B61C9171760053CE79 /* SocialViewController.xib in Resources */ = {isa = PBXBuildFile; fileRef = 6097F9B41C9171760053CE79 /* SocialViewController.xib */; };
		6097F9BA1C927D470053CE79 /* BasicVCDataSource.m in Sources */ = {isa = PBXBuildFile; fileRef = 6097F9B91C927D470053CE79 /* BasicVCDataSource.m */; };
		6097F9BE1C927DC80053CE79 /* SettingViewController.m in Sources */ = {isa = PBXBuildFile; fileRef = 6097F9BC1C927DC80053CE79 /* SettingViewController.m */; };
		6097F9BF1C927DC80053CE79 /* SettingViewController.xib in Resources */ = {isa = PBXBuildFile; fileRef = 6097F9BD1C927DC80053CE79 /* SettingViewController.xib */; };
		6097F9C61C92802E0053CE79 /* SettingVCDataSource.m in Sources */ = {isa = PBXBuildFile; fileRef = 6097F9C51C92802E0053CE79 /* SettingVCDataSource.m */; };
		6097F9CA1C929ABC0053CE79 /* BasicAvatarCell.m in Sources */ = {isa = PBXBuildFile; fileRef = 6097F9C81C929ABC0053CE79 /* BasicAvatarCell.m */; };
		6097F9CB1C929ABC0053CE79 /* BasicAvatarCell.xib in Resources */ = {isa = PBXBuildFile; fileRef = 6097F9C91C929ABC0053CE79 /* BasicAvatarCell.xib */; };
		6097F9CF1C929C040053CE79 /* BasicInfoCell.m in Sources */ = {isa = PBXBuildFile; fileRef = 6097F9CD1C929C040053CE79 /* BasicInfoCell.m */; };
		6097F9D01C929C040053CE79 /* BasicInfoCell.xib in Resources */ = {isa = PBXBuildFile; fileRef = 6097F9CE1C929C040053CE79 /* BasicInfoCell.xib */; };
		6097F9D31C92A02F0053CE79 /* BasicInfoDataSource.m in Sources */ = {isa = PBXBuildFile; fileRef = 6097F9D21C92A02F0053CE79 /* BasicInfoDataSource.m */; };
		6097F9D71C92D0100053CE79 /* RiffViewController.m in Sources */ = {isa = PBXBuildFile; fileRef = 6097F9D51C92D0100053CE79 /* RiffViewController.m */; };
		6097F9D81C92D0100053CE79 /* RiffViewController.xib in Resources */ = {isa = PBXBuildFile; fileRef = 6097F9D61C92D0100053CE79 /* RiffViewController.xib */; };
		60B86A531C9B9E6C0084858A /* BasicInfoVCDataSource.m in Sources */ = {isa = PBXBuildFile; fileRef = 60B86A521C9B9E6C0084858A /* BasicInfoVCDataSource.m */; };
		60B86A571C9BCFE50084858A /* AvatarViewController.m in Sources */ = {isa = PBXBuildFile; fileRef = 60B86A551C9BCFE50084858A /* AvatarViewController.m */; };
		60B86A581C9BCFE50084858A /* AvatarViewController.xib in Resources */ = {isa = PBXBuildFile; fileRef = 60B86A561C9BCFE50084858A /* AvatarViewController.xib */; };
		D976312D27E223A9260DC7DA /* libPods.a in Frameworks */ = {isa = PBXBuildFile; fileRef = 3A432AF41A5212579EC3E823 /* libPods.a */; };
/* End PBXBuildFile section */

/* Begin PBXContainerItemProxy section */
		60579D341C8FC34D00801A88 /* PBXContainerItemProxy */ = {
			isa = PBXContainerItemProxy;
			containerPortal = 60579D121C8FC34D00801A88 /* Project object */;
			proxyType = 1;
			remoteGlobalIDString = 60579D191C8FC34D00801A88;
			remoteInfo = Riff;
		};
		60579D3F1C8FC34D00801A88 /* PBXContainerItemProxy */ = {
			isa = PBXContainerItemProxy;
			containerPortal = 60579D121C8FC34D00801A88 /* Project object */;
			proxyType = 1;
			remoteGlobalIDString = 60579D191C8FC34D00801A88;
			remoteInfo = Riff;
		};
/* End PBXContainerItemProxy section */

/* Begin PBXFileReference section */
		3A432AF41A5212579EC3E823 /* libPods.a */ = {isa = PBXFileReference; explicitFileType = archive.ar; includeInIndex = 0; path = libPods.a; sourceTree = BUILT_PRODUCTS_DIR; };
		60579D1A1C8FC34D00801A88 /* Riff.app */ = {isa = PBXFileReference; explicitFileType = wrapper.application; includeInIndex = 0; path = Riff.app; sourceTree = BUILT_PRODUCTS_DIR; };
		60579D1E1C8FC34D00801A88 /* main.m */ = {isa = PBXFileReference; lastKnownFileType = sourcecode.c.objc; path = main.m; sourceTree = "<group>"; };
		60579D201C8FC34D00801A88 /* AppDelegate.h */ = {isa = PBXFileReference; lastKnownFileType = sourcecode.c.h; path = AppDelegate.h; sourceTree = "<group>"; };
		60579D211C8FC34D00801A88 /* AppDelegate.m */ = {isa = PBXFileReference; lastKnownFileType = sourcecode.c.objc; path = AppDelegate.m; sourceTree = "<group>"; };
		60579D231C8FC34D00801A88 /* ViewController.h */ = {isa = PBXFileReference; lastKnownFileType = sourcecode.c.h; path = ViewController.h; sourceTree = "<group>"; };
		60579D241C8FC34D00801A88 /* ViewController.m */ = {isa = PBXFileReference; lastKnownFileType = sourcecode.c.objc; path = ViewController.m; sourceTree = "<group>"; };
		60579D271C8FC34D00801A88 /* Base */ = {isa = PBXFileReference; lastKnownFileType = file.storyboard; name = Base; path = Base.lproj/Main.storyboard; sourceTree = "<group>"; };
		60579D291C8FC34D00801A88 /* Assets.xcassets */ = {isa = PBXFileReference; lastKnownFileType = folder.assetcatalog; path = Assets.xcassets; sourceTree = "<group>"; };
		60579D2C1C8FC34D00801A88 /* Base */ = {isa = PBXFileReference; lastKnownFileType = file.storyboard; name = Base; path = Base.lproj/LaunchScreen.storyboard; sourceTree = "<group>"; };
		60579D2E1C8FC34D00801A88 /* Info.plist */ = {isa = PBXFileReference; lastKnownFileType = text.plist.xml; path = Info.plist; sourceTree = "<group>"; };
		60579D331C8FC34D00801A88 /* RiffTests.xctest */ = {isa = PBXFileReference; explicitFileType = wrapper.cfbundle; includeInIndex = 0; path = RiffTests.xctest; sourceTree = BUILT_PRODUCTS_DIR; };
		60579D371C8FC34D00801A88 /* RiffTests.m */ = {isa = PBXFileReference; lastKnownFileType = sourcecode.c.objc; path = RiffTests.m; sourceTree = "<group>"; };
		60579D391C8FC34D00801A88 /* Info.plist */ = {isa = PBXFileReference; lastKnownFileType = text.plist.xml; path = Info.plist; sourceTree = "<group>"; };
		60579D3E1C8FC34D00801A88 /* RiffUITests.xctest */ = {isa = PBXFileReference; explicitFileType = wrapper.cfbundle; includeInIndex = 0; path = RiffUITests.xctest; sourceTree = BUILT_PRODUCTS_DIR; };
		60579D421C8FC34D00801A88 /* RiffUITests.m */ = {isa = PBXFileReference; lastKnownFileType = sourcecode.c.objc; path = RiffUITests.m; sourceTree = "<group>"; };
		60579D441C8FC34D00801A88 /* Info.plist */ = {isa = PBXFileReference; lastKnownFileType = text.plist.xml; path = Info.plist; sourceTree = "<group>"; };
		60579D541C90003F00801A88 /* MainViewController.h */ = {isa = PBXFileReference; fileEncoding = 4; lastKnownFileType = sourcecode.c.h; path = MainViewController.h; sourceTree = "<group>"; };
		60579D551C90003F00801A88 /* MainViewController.m */ = {isa = PBXFileReference; fileEncoding = 4; lastKnownFileType = sourcecode.c.objc; path = MainViewController.m; sourceTree = "<group>"; };
		60579D561C90003F00801A88 /* MainViewController.xib */ = {isa = PBXFileReference; fileEncoding = 4; lastKnownFileType = file.xib; path = MainViewController.xib; sourceTree = "<group>"; };
		60579D591C90050600801A88 /* RiffNavigationController.h */ = {isa = PBXFileReference; fileEncoding = 4; lastKnownFileType = sourcecode.c.h; path = RiffNavigationController.h; sourceTree = "<group>"; };
		60579D5A1C90050600801A88 /* RiffNavigationController.m */ = {isa = PBXFileReference; fileEncoding = 4; lastKnownFileType = sourcecode.c.objc; path = RiffNavigationController.m; sourceTree = "<group>"; };
		60579D5B1C90050600801A88 /* RiffNavigationController.xib */ = {isa = PBXFileReference; fileEncoding = 4; lastKnownFileType = file.xib; path = RiffNavigationController.xib; sourceTree = "<group>"; };
		60579D5E1C900DAD00801A88 /* BasicViewController.h */ = {isa = PBXFileReference; fileEncoding = 4; lastKnownFileType = sourcecode.c.h; path = BasicViewController.h; sourceTree = "<group>"; };
		60579D5F1C900DAD00801A88 /* BasicViewController.m */ = {isa = PBXFileReference; fileEncoding = 4; lastKnownFileType = sourcecode.c.objc; path = BasicViewController.m; sourceTree = "<group>"; };
		60579D601C900DAD00801A88 /* BasicViewController.xib */ = {isa = PBXFileReference; fileEncoding = 4; lastKnownFileType = file.xib; path = BasicViewController.xib; sourceTree = "<group>"; };
		60579D651C9022CE00801A88 /* RiffDataSource.h */ = {isa = PBXFileReference; fileEncoding = 4; lastKnownFileType = sourcecode.c.h; path = RiffDataSource.h; sourceTree = "<group>"; };
		60579D661C9022CE00801A88 /* RiffDataSource.m */ = {isa = PBXFileReference; fileEncoding = 4; lastKnownFileType = sourcecode.c.objc; path = RiffDataSource.m; sourceTree = "<group>"; };
		60579D681C9022E900801A88 /* PersonInfoDataSource.h */ = {isa = PBXFileReference; fileEncoding = 4; lastKnownFileType = sourcecode.c.h; path = PersonInfoDataSource.h; sourceTree = "<group>"; };
		60579D691C9022E900801A88 /* PersonInfoDataSource.m */ = {isa = PBXFileReference; fileEncoding = 4; lastKnownFileType = sourcecode.c.objc; path = PersonInfoDataSource.m; sourceTree = "<group>"; };
		60579D6B1C90230100801A88 /* SettingDataSource.h */ = {isa = PBXFileReference; fileEncoding = 4; lastKnownFileType = sourcecode.c.h; path = SettingDataSource.h; sourceTree = "<group>"; };
		60579D6C1C90230100801A88 /* SettingDataSource.m */ = {isa = PBXFileReference; fileEncoding = 4; lastKnownFileType = sourcecode.c.objc; path = SettingDataSource.m; sourceTree = "<group>"; };
		60579D6E1C91106C00801A88 /* RiffNetworkManager.h */ = {isa = PBXFileReference; fileEncoding = 4; lastKnownFileType = sourcecode.c.h; path = RiffNetworkManager.h; sourceTree = "<group>"; };
		60579D6F1C91106C00801A88 /* RiffNetworkManager.m */ = {isa = PBXFileReference; fileEncoding = 4; lastKnownFileType = sourcecode.c.objc; path = RiffNetworkManager.m; sourceTree = "<group>"; };
		6086BFAA1C966774001F3702 /* ExitCell.h */ = {isa = PBXFileReference; fileEncoding = 4; lastKnownFileType = sourcecode.c.h; path = ExitCell.h; sourceTree = "<group>"; };
		6086BFAB1C966774001F3702 /* ExitCell.m */ = {isa = PBXFileReference; fileEncoding = 4; lastKnownFileType = sourcecode.c.objc; path = ExitCell.m; sourceTree = "<group>"; };
		6086BFAC1C966774001F3702 /* ExitCell.xib */ = {isa = PBXFileReference; fileEncoding = 4; lastKnownFileType = file.xib; path = ExitCell.xib; sourceTree = "<group>"; };
		6086BFAF1C9668AD001F3702 /* PrefixHeader.pch */ = {isa = PBXFileReference; lastKnownFileType = sourcecode.c.h; path = PrefixHeader.pch; sourceTree = "<group>"; };
		6086BFB11C968B73001F3702 /* LoginViewController.h */ = {isa = PBXFileReference; fileEncoding = 4; lastKnownFileType = sourcecode.c.h; path = LoginViewController.h; sourceTree = "<group>"; };
		6086BFB21C968B73001F3702 /* LoginViewController.m */ = {isa = PBXFileReference; fileEncoding = 4; lastKnownFileType = sourcecode.c.objc; path = LoginViewController.m; sourceTree = "<group>"; };
		6086BFB31C968B73001F3702 /* LoginViewController.xib */ = {isa = PBXFileReference; fileEncoding = 4; lastKnownFileType = file.xib; path = LoginViewController.xib; sourceTree = "<group>"; };
		6086BFB61C968B98001F3702 /* SignupViewController.h */ = {isa = PBXFileReference; fileEncoding = 4; lastKnownFileType = sourcecode.c.h; path = SignupViewController.h; sourceTree = "<group>"; };
		6086BFB71C968B98001F3702 /* SignupViewController.m */ = {isa = PBXFileReference; fileEncoding = 4; lastKnownFileType = sourcecode.c.objc; path = SignupViewController.m; sourceTree = "<group>"; };
		6086BFB81C968B98001F3702 /* SignupViewController.xib */ = {isa = PBXFileReference; fileEncoding = 4; lastKnownFileType = file.xib; path = SignupViewController.xib; sourceTree = "<group>"; };
		6086BFBB1C968BB3001F3702 /* SetPwdViewController.h */ = {isa = PBXFileReference; fileEncoding = 4; lastKnownFileType = sourcecode.c.h; path = SetPwdViewController.h; sourceTree = "<group>"; };
		6086BFBC1C968BB3001F3702 /* SetPwdViewController.m */ = {isa = PBXFileReference; fileEncoding = 4; lastKnownFileType = sourcecode.c.objc; path = SetPwdViewController.m; sourceTree = "<group>"; };
		6086BFBD1C968BB3001F3702 /* SetPwdViewController.xib */ = {isa = PBXFileReference; fileEncoding = 4; lastKnownFileType = file.xib; path = SetPwdViewController.xib; sourceTree = "<group>"; };
		608B3FE51C99346E00E0615B /* NotificationViewController.h */ = {isa = PBXFileReference; fileEncoding = 4; lastKnownFileType = sourcecode.c.h; path = NotificationViewController.h; sourceTree = "<group>"; };
		608B3FE61C99346E00E0615B /* NotificationViewController.m */ = {isa = PBXFileReference; fileEncoding = 4; lastKnownFileType = sourcecode.c.objc; path = NotificationViewController.m; sourceTree = "<group>"; };
		608B3FE71C99346E00E0615B /* NotificationViewController.xib */ = {isa = PBXFileReference; fileEncoding = 4; lastKnownFileType = file.xib; path = NotificationViewController.xib; sourceTree = "<group>"; };
		608B3FEA1C99373600E0615B /* NewNotificationCell.h */ = {isa = PBXFileReference; fileEncoding = 4; lastKnownFileType = sourcecode.c.h; path = NewNotificationCell.h; sourceTree = "<group>"; };
		608B3FEB1C99373600E0615B /* NewNotificationCell.m */ = {isa = PBXFileReference; fileEncoding = 4; lastKnownFileType = sourcecode.c.objc; path = NewNotificationCell.m; sourceTree = "<group>"; };
		608B3FEC1C99373600E0615B /* NewNotificationCell.xib */ = {isa = PBXFileReference; fileEncoding = 4; lastKnownFileType = file.xib; path = NewNotificationCell.xib; sourceTree = "<group>"; };
		608B3FEF1C99454400E0615B /* BasicInfoViewController.h */ = {isa = PBXFileReference; fileEncoding = 4; lastKnownFileType = sourcecode.c.h; path = BasicInfoViewController.h; sourceTree = "<group>"; };
		608B3FF01C99454400E0615B /* BasicInfoViewController.m */ = {isa = PBXFileReference; fileEncoding = 4; lastKnownFileType = sourcecode.c.objc; path = BasicInfoViewController.m; sourceTree = "<group>"; };
		608B3FF11C99454400E0615B /* BasicInfoViewController.xib */ = {isa = PBXFileReference; fileEncoding = 4; lastKnownFileType = file.xib; path = BasicInfoViewController.xib; sourceTree = "<group>"; };
		608B3FF51C99460E00E0615B /* BasicInfoAvatarCell.h */ = {isa = PBXFileReference; fileEncoding = 4; lastKnownFileType = sourcecode.c.h; path = BasicInfoAvatarCell.h; sourceTree = "<group>"; };
		608B3FF61C99460E00E0615B /* BasicInfoAvatarCell.m */ = {isa = PBXFileReference; fileEncoding = 4; lastKnownFileType = sourcecode.c.objc; path = BasicInfoAvatarCell.m; sourceTree = "<group>"; };
		608B3FF71C99460E00E0615B /* BasicInfoAvatarCell.xib */ = {isa = PBXFileReference; fileEncoding = 4; lastKnownFileType = file.xib; path = BasicInfoAvatarCell.xib; sourceTree = "<group>"; };
		6097F9A31C91529F0053CE79 /* AdvCell.h */ = {isa = PBXFileReference; fileEncoding = 4; lastKnownFileType = sourcecode.c.h; path = AdvCell.h; sourceTree = "<group>"; };
		6097F9A41C91529F0053CE79 /* AdvCell.m */ = {isa = PBXFileReference; fileEncoding = 4; lastKnownFileType = sourcecode.c.objc; path = AdvCell.m; sourceTree = "<group>"; };
		6097F9A51C91529F0053CE79 /* AdvCell.xib */ = {isa = PBXFileReference; fileEncoding = 4; lastKnownFileType = file.xib; path = AdvCell.xib; sourceTree = "<group>"; };
		6097F9A81C915D3E0053CE79 /* PersonalFirstCell.h */ = {isa = PBXFileReference; fileEncoding = 4; lastKnownFileType = sourcecode.c.h; path = PersonalFirstCell.h; sourceTree = "<group>"; };
		6097F9A91C915D3E0053CE79 /* PersonalFirstCell.m */ = {isa = PBXFileReference; fileEncoding = 4; lastKnownFileType = sourcecode.c.objc; path = PersonalFirstCell.m; sourceTree = "<group>"; };
		6097F9AA1C915D3E0053CE79 /* PersonalFirstCell.xib */ = {isa = PBXFileReference; fileEncoding = 4; lastKnownFileType = file.xib; path = PersonalFirstCell.xib; sourceTree = "<group>"; };
		6097F9AD1C9163D20053CE79 /* PersonalSecondCell.h */ = {isa = PBXFileReference; fileEncoding = 4; lastKnownFileType = sourcecode.c.h; path = PersonalSecondCell.h; sourceTree = "<group>"; };
		6097F9AE1C9163D20053CE79 /* PersonalSecondCell.m */ = {isa = PBXFileReference; fileEncoding = 4; lastKnownFileType = sourcecode.c.objc; path = PersonalSecondCell.m; sourceTree = "<group>"; };
		6097F9AF1C9163D20053CE79 /* PersonalSecondCell.xib */ = {isa = PBXFileReference; fileEncoding = 4; lastKnownFileType = file.xib; path = PersonalSecondCell.xib; sourceTree = "<group>"; };
		6097F9B21C9171760053CE79 /* SocialViewController.h */ = {isa = PBXFileReference; fileEncoding = 4; lastKnownFileType = sourcecode.c.h; path = SocialViewController.h; sourceTree = "<group>"; };
		6097F9B31C9171760053CE79 /* SocialViewController.m */ = {isa = PBXFileReference; fileEncoding = 4; lastKnownFileType = sourcecode.c.objc; path = SocialViewController.m; sourceTree = "<group>"; };
		6097F9B41C9171760053CE79 /* SocialViewController.xib */ = {isa = PBXFileReference; fileEncoding = 4; lastKnownFileType = file.xib; path = SocialViewController.xib; sourceTree = "<group>"; };
		6097F9B81C927D470053CE79 /* BasicVCDataSource.h */ = {isa = PBXFileReference; fileEncoding = 4; lastKnownFileType = sourcecode.c.h; path = BasicVCDataSource.h; sourceTree = "<group>"; };
		6097F9B91C927D470053CE79 /* BasicVCDataSource.m */ = {isa = PBXFileReference; fileEncoding = 4; lastKnownFileType = sourcecode.c.objc; path = BasicVCDataSource.m; sourceTree = "<group>"; };
		6097F9BB1C927DC80053CE79 /* SettingViewController.h */ = {isa = PBXFileReference; fileEncoding = 4; lastKnownFileType = sourcecode.c.h; path = SettingViewController.h; sourceTree = "<group>"; };
		6097F9BC1C927DC80053CE79 /* SettingViewController.m */ = {isa = PBXFileReference; fileEncoding = 4; lastKnownFileType = sourcecode.c.objc; path = SettingViewController.m; sourceTree = "<group>"; };
		6097F9BD1C927DC80053CE79 /* SettingViewController.xib */ = {isa = PBXFileReference; fileEncoding = 4; lastKnownFileType = file.xib; path = SettingViewController.xib; sourceTree = "<group>"; };
		6097F9C41C92802E0053CE79 /* SettingVCDataSource.h */ = {isa = PBXFileReference; fileEncoding = 4; lastKnownFileType = sourcecode.c.h; path = SettingVCDataSource.h; sourceTree = "<group>"; };
		6097F9C51C92802E0053CE79 /* SettingVCDataSource.m */ = {isa = PBXFileReference; fileEncoding = 4; lastKnownFileType = sourcecode.c.objc; path = SettingVCDataSource.m; sourceTree = "<group>"; };
		6097F9C71C929ABC0053CE79 /* BasicAvatarCell.h */ = {isa = PBXFileReference; fileEncoding = 4; lastKnownFileType = sourcecode.c.h; path = BasicAvatarCell.h; sourceTree = "<group>"; };
		6097F9C81C929ABC0053CE79 /* BasicAvatarCell.m */ = {isa = PBXFileReference; fileEncoding = 4; lastKnownFileType = sourcecode.c.objc; path = BasicAvatarCell.m; sourceTree = "<group>"; };
		6097F9C91C929ABC0053CE79 /* BasicAvatarCell.xib */ = {isa = PBXFileReference; fileEncoding = 4; lastKnownFileType = file.xib; path = BasicAvatarCell.xib; sourceTree = "<group>"; };
		6097F9CC1C929C040053CE79 /* BasicInfoCell.h */ = {isa = PBXFileReference; fileEncoding = 4; lastKnownFileType = sourcecode.c.h; path = BasicInfoCell.h; sourceTree = "<group>"; };
		6097F9CD1C929C040053CE79 /* BasicInfoCell.m */ = {isa = PBXFileReference; fileEncoding = 4; lastKnownFileType = sourcecode.c.objc; path = BasicInfoCell.m; sourceTree = "<group>"; };
		6097F9CE1C929C040053CE79 /* BasicInfoCell.xib */ = {isa = PBXFileReference; fileEncoding = 4; lastKnownFileType = file.xib; path = BasicInfoCell.xib; sourceTree = "<group>"; };
		6097F9D11C92A02F0053CE79 /* BasicInfoDataSource.h */ = {isa = PBXFileReference; fileEncoding = 4; lastKnownFileType = sourcecode.c.h; path = BasicInfoDataSource.h; sourceTree = "<group>"; };
		6097F9D21C92A02F0053CE79 /* BasicInfoDataSource.m */ = {isa = PBXFileReference; fileEncoding = 4; lastKnownFileType = sourcecode.c.objc; path = BasicInfoDataSource.m; sourceTree = "<group>"; };
		6097F9D41C92D0100053CE79 /* RiffViewController.h */ = {isa = PBXFileReference; fileEncoding = 4; lastKnownFileType = sourcecode.c.h; path = RiffViewController.h; sourceTree = "<group>"; };
		6097F9D51C92D0100053CE79 /* RiffViewController.m */ = {isa = PBXFileReference; fileEncoding = 4; lastKnownFileType = sourcecode.c.objc; path = RiffViewController.m; sourceTree = "<group>"; };
		6097F9D61C92D0100053CE79 /* RiffViewController.xib */ = {isa = PBXFileReference; fileEncoding = 4; lastKnownFileType = file.xib; path = RiffViewController.xib; sourceTree = "<group>"; };
		60B86A511C9B9E6C0084858A /* BasicInfoVCDataSource.h */ = {isa = PBXFileReference; fileEncoding = 4; lastKnownFileType = sourcecode.c.h; path = BasicInfoVCDataSource.h; sourceTree = "<group>"; };
		60B86A521C9B9E6C0084858A /* BasicInfoVCDataSource.m */ = {isa = PBXFileReference; fileEncoding = 4; lastKnownFileType = sourcecode.c.objc; path = BasicInfoVCDataSource.m; sourceTree = "<group>"; };
		60B86A541C9BCFE50084858A /* AvatarViewController.h */ = {isa = PBXFileReference; fileEncoding = 4; lastKnownFileType = sourcecode.c.h; path = AvatarViewController.h; sourceTree = "<group>"; };
		60B86A551C9BCFE50084858A /* AvatarViewController.m */ = {isa = PBXFileReference; fileEncoding = 4; lastKnownFileType = sourcecode.c.objc; path = AvatarViewController.m; sourceTree = "<group>"; };
		60B86A561C9BCFE50084858A /* AvatarViewController.xib */ = {isa = PBXFileReference; fileEncoding = 4; lastKnownFileType = file.xib; path = AvatarViewController.xib; sourceTree = "<group>"; };
		B0C87C348C9ECF110EE0F837 /* Pods.release.xcconfig */ = {isa = PBXFileReference; includeInIndex = 1; lastKnownFileType = text.xcconfig; name = Pods.release.xcconfig; path = "Pods/Target Support Files/Pods/Pods.release.xcconfig"; sourceTree = "<group>"; };
		B36DC9E0C8F885878ADA7F0E /* Pods.debug.xcconfig */ = {isa = PBXFileReference; includeInIndex = 1; lastKnownFileType = text.xcconfig; name = Pods.debug.xcconfig; path = "Pods/Target Support Files/Pods/Pods.debug.xcconfig"; sourceTree = "<group>"; };
/* End PBXFileReference section */

/* Begin PBXFrameworksBuildPhase section */
		60579D171C8FC34D00801A88 /* Frameworks */ = {
			isa = PBXFrameworksBuildPhase;
			buildActionMask = 2147483647;
			files = (
				D976312D27E223A9260DC7DA /* libPods.a in Frameworks */,
			);
			runOnlyForDeploymentPostprocessing = 0;
		};
		60579D301C8FC34D00801A88 /* Frameworks */ = {
			isa = PBXFrameworksBuildPhase;
			buildActionMask = 2147483647;
			files = (
			);
			runOnlyForDeploymentPostprocessing = 0;
		};
		60579D3B1C8FC34D00801A88 /* Frameworks */ = {
			isa = PBXFrameworksBuildPhase;
			buildActionMask = 2147483647;
			files = (
			);
			runOnlyForDeploymentPostprocessing = 0;
		};
/* End PBXFrameworksBuildPhase section */

/* Begin PBXGroup section */
		251168CD5C039CA3DF0E7734 /* Pods */ = {
			isa = PBXGroup;
			children = (
				B36DC9E0C8F885878ADA7F0E /* Pods.debug.xcconfig */,
				B0C87C348C9ECF110EE0F837 /* Pods.release.xcconfig */,
			);
			name = Pods;
			sourceTree = "<group>";
		};
		60579D111C8FC34D00801A88 = {
			isa = PBXGroup;
			children = (
				60579D501C8FFC1400801A88 /* Model */,
				60579D511C8FFC1400801A88 /* Cell */,
				60579D521C8FFC1400801A88 /* Service */,
				60579D531C8FFC1400801A88 /* ViewController */,
				60579D1C1C8FC34D00801A88 /* Riff */,
				60579D361C8FC34D00801A88 /* RiffTests */,
				60579D411C8FC34D00801A88 /* RiffUITests */,
				60579D1B1C8FC34D00801A88 /* Products */,
				251168CD5C039CA3DF0E7734 /* Pods */,
				651B3E3FE2900E2355C1BEA1 /* Frameworks */,
			);
			sourceTree = "<group>";
		};
		60579D1B1C8FC34D00801A88 /* Products */ = {
			isa = PBXGroup;
			children = (
				60579D1A1C8FC34D00801A88 /* Riff.app */,
				60579D331C8FC34D00801A88 /* RiffTests.xctest */,
				60579D3E1C8FC34D00801A88 /* RiffUITests.xctest */,
			);
			name = Products;
			sourceTree = "<group>";
		};
		60579D1C1C8FC34D00801A88 /* Riff */ = {
			isa = PBXGroup;
			children = (
				60579D201C8FC34D00801A88 /* AppDelegate.h */,
				60579D211C8FC34D00801A88 /* AppDelegate.m */,
				60579D231C8FC34D00801A88 /* ViewController.h */,
				60579D241C8FC34D00801A88 /* ViewController.m */,
				60579D261C8FC34D00801A88 /* Main.storyboard */,
				60579D291C8FC34D00801A88 /* Assets.xcassets */,
				60579D2B1C8FC34D00801A88 /* LaunchScreen.storyboard */,
				60579D2E1C8FC34D00801A88 /* Info.plist */,
				60579D1D1C8FC34D00801A88 /* Supporting Files */,
				6086BFAF1C9668AD001F3702 /* PrefixHeader.pch */,
			);
			path = Riff;
			sourceTree = "<group>";
		};
		60579D1D1C8FC34D00801A88 /* Supporting Files */ = {
			isa = PBXGroup;
			children = (
				60579D1E1C8FC34D00801A88 /* main.m */,
			);
			name = "Supporting Files";
			sourceTree = "<group>";
		};
		60579D361C8FC34D00801A88 /* RiffTests */ = {
			isa = PBXGroup;
			children = (
				60579D371C8FC34D00801A88 /* RiffTests.m */,
				60579D391C8FC34D00801A88 /* Info.plist */,
			);
			path = RiffTests;
			sourceTree = "<group>";
		};
		60579D411C8FC34D00801A88 /* RiffUITests */ = {
			isa = PBXGroup;
			children = (
				60579D421C8FC34D00801A88 /* RiffUITests.m */,
				60579D441C8FC34D00801A88 /* Info.plist */,
			);
			path = RiffUITests;
			sourceTree = "<group>";
		};
		60579D501C8FFC1400801A88 /* Model */ = {
			isa = PBXGroup;
			children = (
			);
			name = Model;
			path = Riff/Model;
			sourceTree = "<group>";
		};
		60579D511C8FFC1400801A88 /* Cell */ = {
			isa = PBXGroup;
			children = (
				608B3FF41C9945EB00E0615B /* BasicInfoCell */,
				6097F9A31C91529F0053CE79 /* AdvCell.h */,
				6097F9A41C91529F0053CE79 /* AdvCell.m */,
				6097F9A51C91529F0053CE79 /* AdvCell.xib */,
				6097F9A81C915D3E0053CE79 /* PersonalFirstCell.h */,
				6097F9A91C915D3E0053CE79 /* PersonalFirstCell.m */,
				6097F9AA1C915D3E0053CE79 /* PersonalFirstCell.xib */,
				6097F9AD1C9163D20053CE79 /* PersonalSecondCell.h */,
				6097F9AE1C9163D20053CE79 /* PersonalSecondCell.m */,
				6097F9AF1C9163D20053CE79 /* PersonalSecondCell.xib */,
				6097F9C71C929ABC0053CE79 /* BasicAvatarCell.h */,
				6097F9C81C929ABC0053CE79 /* BasicAvatarCell.m */,
				6097F9C91C929ABC0053CE79 /* BasicAvatarCell.xib */,
				6097F9CC1C929C040053CE79 /* BasicInfoCell.h */,
				6097F9CD1C929C040053CE79 /* BasicInfoCell.m */,
				6097F9CE1C929C040053CE79 /* BasicInfoCell.xib */,
				6086BFAA1C966774001F3702 /* ExitCell.h */,
				6086BFAB1C966774001F3702 /* ExitCell.m */,
				6086BFAC1C966774001F3702 /* ExitCell.xib */,
				608B3FEA1C99373600E0615B /* NewNotificationCell.h */,
				608B3FEB1C99373600E0615B /* NewNotificationCell.m */,
				608B3FEC1C99373600E0615B /* NewNotificationCell.xib */,
			);
			name = Cell;
			path = Riff/Cell;
			sourceTree = "<group>";
		};
		60579D521C8FFC1400801A88 /* Service */ = {
			isa = PBXGroup;
			children = (
				60579D6E1C91106C00801A88 /* RiffNetworkManager.h */,
				60579D6F1C91106C00801A88 /* RiffNetworkManager.m */,
			);
			name = Service;
			path = Riff/Service;
			sourceTree = "<group>";
		};
		60579D531C8FFC1400801A88 /* ViewController */ = {
			isa = PBXGroup;
			children = (
				60B86A501C9B9E500084858A /* BasicInfoDataSource */,
				6086BFB01C968B5A001F3702 /* LoginViewController */,
				6097F9C01C927E530053CE79 /* SettingVCDataSource */,
				6097F9B71C927D2E0053CE79 /* BasicVCDataSource */,
				60579D641C9022AD00801A88 /* MainViewDataSource */,
				60579D541C90003F00801A88 /* MainViewController.h */,
				60579D551C90003F00801A88 /* MainViewController.m */,
				60579D561C90003F00801A88 /* MainViewController.xib */,
				60579D591C90050600801A88 /* RiffNavigationController.h */,
				60579D5A1C90050600801A88 /* RiffNavigationController.m */,
				60579D5B1C90050600801A88 /* RiffNavigationController.xib */,
				60579D5E1C900DAD00801A88 /* BasicViewController.h */,
				60579D5F1C900DAD00801A88 /* BasicViewController.m */,
				60579D601C900DAD00801A88 /* BasicViewController.xib */,
				6097F9B21C9171760053CE79 /* SocialViewController.h */,
				6097F9B31C9171760053CE79 /* SocialViewController.m */,
				6097F9B41C9171760053CE79 /* SocialViewController.xib */,
				6097F9BB1C927DC80053CE79 /* SettingViewController.h */,
				6097F9BC1C927DC80053CE79 /* SettingViewController.m */,
				6097F9BD1C927DC80053CE79 /* SettingViewController.xib */,
				6097F9D41C92D0100053CE79 /* RiffViewController.h */,
				6097F9D51C92D0100053CE79 /* RiffViewController.m */,
				6097F9D61C92D0100053CE79 /* RiffViewController.xib */,
				608B3FE51C99346E00E0615B /* NotificationViewController.h */,
				608B3FE61C99346E00E0615B /* NotificationViewController.m */,
				608B3FE71C99346E00E0615B /* NotificationViewController.xib */,
				608B3FEF1C99454400E0615B /* BasicInfoViewController.h */,
				608B3FF01C99454400E0615B /* BasicInfoViewController.m */,
				608B3FF11C99454400E0615B /* BasicInfoViewController.xib */,
				60B86A541C9BCFE50084858A /* AvatarViewController.h */,
				60B86A551C9BCFE50084858A /* AvatarViewController.m */,
				60B86A561C9BCFE50084858A /* AvatarViewController.xib */,
			);
			name = ViewController;
			path = Riff/ViewController;
			sourceTree = "<group>";
		};
		60579D641C9022AD00801A88 /* MainViewDataSource */ = {
			isa = PBXGroup;
			children = (
				60579D651C9022CE00801A88 /* RiffDataSource.h */,
				60579D661C9022CE00801A88 /* RiffDataSource.m */,
				60579D681C9022E900801A88 /* PersonInfoDataSource.h */,
				60579D691C9022E900801A88 /* PersonInfoDataSource.m */,
				60579D6B1C90230100801A88 /* SettingDataSource.h */,
				60579D6C1C90230100801A88 /* SettingDataSource.m */,
				6097F9D11C92A02F0053CE79 /* BasicInfoDataSource.h */,
				6097F9D21C92A02F0053CE79 /* BasicInfoDataSource.m */,
			);
			path = MainViewDataSource;
			sourceTree = "<group>";
		};
		6086BFB01C968B5A001F3702 /* LoginViewController */ = {
			isa = PBXGroup;
			children = (
				6086BFB11C968B73001F3702 /* LoginViewController.h */,
				6086BFB21C968B73001F3702 /* LoginViewController.m */,
				6086BFB31C968B73001F3702 /* LoginViewController.xib */,
				6086BFB61C968B98001F3702 /* SignupViewController.h */,
				6086BFB71C968B98001F3702 /* SignupViewController.m */,
				6086BFB81C968B98001F3702 /* SignupViewController.xib */,
				6086BFBB1C968BB3001F3702 /* SetPwdViewController.h */,
				6086BFBC1C968BB3001F3702 /* SetPwdViewController.m */,
				6086BFBD1C968BB3001F3702 /* SetPwdViewController.xib */,
			);
			path = LoginViewController;
			sourceTree = "<group>";
		};
		608B3FF41C9945EB00E0615B /* BasicInfoCell */ = {
			isa = PBXGroup;
			children = (
				608B3FF51C99460E00E0615B /* BasicInfoAvatarCell.h */,
				608B3FF61C99460E00E0615B /* BasicInfoAvatarCell.m */,
				608B3FF71C99460E00E0615B /* BasicInfoAvatarCell.xib */,
			);
			path = BasicInfoCell;
			sourceTree = "<group>";
		};
		6097F9B71C927D2E0053CE79 /* BasicVCDataSource */ = {
			isa = PBXGroup;
			children = (
				6097F9B81C927D470053CE79 /* BasicVCDataSource.h */,
				6097F9B91C927D470053CE79 /* BasicVCDataSource.m */,
			);
			path = BasicVCDataSource;
			sourceTree = "<group>";
		};
		6097F9C01C927E530053CE79 /* SettingVCDataSource */ = {
			isa = PBXGroup;
			children = (
				6097F9C41C92802E0053CE79 /* SettingVCDataSource.h */,
				6097F9C51C92802E0053CE79 /* SettingVCDataSource.m */,
			);
			path = SettingVCDataSource;
			sourceTree = "<group>";
		};
		60B86A501C9B9E500084858A /* BasicInfoDataSource */ = {
			isa = PBXGroup;
			children = (
				60B86A511C9B9E6C0084858A /* BasicInfoVCDataSource.h */,
				60B86A521C9B9E6C0084858A /* BasicInfoVCDataSource.m */,
			);
			path = BasicInfoDataSource;
			sourceTree = "<group>";
		};
		651B3E3FE2900E2355C1BEA1 /* Frameworks */ = {
			isa = PBXGroup;
			children = (
				3A432AF41A5212579EC3E823 /* libPods.a */,
			);
			name = Frameworks;
			sourceTree = "<group>";
		};
/* End PBXGroup section */

/* Begin PBXNativeTarget section */
		60579D191C8FC34D00801A88 /* Riff */ = {
			isa = PBXNativeTarget;
			buildConfigurationList = 60579D471C8FC34D00801A88 /* Build configuration list for PBXNativeTarget "Riff" */;
			buildPhases = (
				6C9AE1540018E1D50C30488A /* Check Pods Manifest.lock */,
				60579D161C8FC34D00801A88 /* Sources */,
				60579D171C8FC34D00801A88 /* Frameworks */,
				60579D181C8FC34D00801A88 /* Resources */,
				D1031E9C2625F0B4B2A3476D /* Embed Pods Frameworks */,
				644563BFBCB9AE618257F763 /* Copy Pods Resources */,
			);
			buildRules = (
			);
			dependencies = (
			);
			name = Riff;
			productName = Riff;
			productReference = 60579D1A1C8FC34D00801A88 /* Riff.app */;
			productType = "com.apple.product-type.application";
		};
		60579D321C8FC34D00801A88 /* RiffTests */ = {
			isa = PBXNativeTarget;
			buildConfigurationList = 60579D4A1C8FC34D00801A88 /* Build configuration list for PBXNativeTarget "RiffTests" */;
			buildPhases = (
				60579D2F1C8FC34D00801A88 /* Sources */,
				60579D301C8FC34D00801A88 /* Frameworks */,
				60579D311C8FC34D00801A88 /* Resources */,
			);
			buildRules = (
			);
			dependencies = (
				60579D351C8FC34D00801A88 /* PBXTargetDependency */,
			);
			name = RiffTests;
			productName = RiffTests;
			productReference = 60579D331C8FC34D00801A88 /* RiffTests.xctest */;
			productType = "com.apple.product-type.bundle.unit-test";
		};
		60579D3D1C8FC34D00801A88 /* RiffUITests */ = {
			isa = PBXNativeTarget;
			buildConfigurationList = 60579D4D1C8FC34D00801A88 /* Build configuration list for PBXNativeTarget "RiffUITests" */;
			buildPhases = (
				60579D3A1C8FC34D00801A88 /* Sources */,
				60579D3B1C8FC34D00801A88 /* Frameworks */,
				60579D3C1C8FC34D00801A88 /* Resources */,
			);
			buildRules = (
			);
			dependencies = (
				60579D401C8FC34D00801A88 /* PBXTargetDependency */,
			);
			name = RiffUITests;
			productName = RiffUITests;
			productReference = 60579D3E1C8FC34D00801A88 /* RiffUITests.xctest */;
			productType = "com.apple.product-type.bundle.ui-testing";
		};
/* End PBXNativeTarget section */

/* Begin PBXProject section */
		60579D121C8FC34D00801A88 /* Project object */ = {
			isa = PBXProject;
			attributes = {
				LastUpgradeCheck = 0720;
				ORGANIZATIONNAME = wuhaibin;
				TargetAttributes = {
					60579D191C8FC34D00801A88 = {
						CreatedOnToolsVersion = 7.2;
						DevelopmentTeam = RLC7LWNPRQ;
					};
					60579D321C8FC34D00801A88 = {
						CreatedOnToolsVersion = 7.2;
						TestTargetID = 60579D191C8FC34D00801A88;
					};
					60579D3D1C8FC34D00801A88 = {
						CreatedOnToolsVersion = 7.2;
						TestTargetID = 60579D191C8FC34D00801A88;
					};
				};
			};
			buildConfigurationList = 60579D151C8FC34D00801A88 /* Build configuration list for PBXProject "Riff" */;
			compatibilityVersion = "Xcode 3.2";
			developmentRegion = English;
			hasScannedForEncodings = 0;
			knownRegions = (
				en,
				Base,
			);
			mainGroup = 60579D111C8FC34D00801A88;
			productRefGroup = 60579D1B1C8FC34D00801A88 /* Products */;
			projectDirPath = "";
			projectRoot = "";
			targets = (
				60579D191C8FC34D00801A88 /* Riff */,
				60579D321C8FC34D00801A88 /* RiffTests */,
				60579D3D1C8FC34D00801A88 /* RiffUITests */,
			);
		};
/* End PBXProject section */

/* Begin PBXResourcesBuildPhase section */
		60579D181C8FC34D00801A88 /* Resources */ = {
			isa = PBXResourcesBuildPhase;
			buildActionMask = 2147483647;
			files = (
				6086BFB51C968B73001F3702 /* LoginViewController.xib in Resources */,
				60579D2D1C8FC34D00801A88 /* LaunchScreen.storyboard in Resources */,
				608B3FF31C99454400E0615B /* BasicInfoViewController.xib in Resources */,
				6097F9D01C929C040053CE79 /* BasicInfoCell.xib in Resources */,
				6097F9B61C9171760053CE79 /* SocialViewController.xib in Resources */,
				6097F9D81C92D0100053CE79 /* RiffViewController.xib in Resources */,
				608B3FEE1C99373600E0615B /* NewNotificationCell.xib in Resources */,
				60B86A581C9BCFE50084858A /* AvatarViewController.xib in Resources */,
				6097F9A71C91529F0053CE79 /* AdvCell.xib in Resources */,
				6097F9AC1C915D3E0053CE79 /* PersonalFirstCell.xib in Resources */,
				60579D2A1C8FC34D00801A88 /* Assets.xcassets in Resources */,
				60579D5D1C90050600801A88 /* RiffNavigationController.xib in Resources */,
				608B3FF91C99460E00E0615B /* BasicInfoAvatarCell.xib in Resources */,
				60579D281C8FC34D00801A88 /* Main.storyboard in Resources */,
				6086BFBA1C968B98001F3702 /* SignupViewController.xib in Resources */,
				6086BFBF1C968BB3001F3702 /* SetPwdViewController.xib in Resources */,
				6097F9BF1C927DC80053CE79 /* SettingViewController.xib in Resources */,
				6086BFAE1C966774001F3702 /* ExitCell.xib in Resources */,
				60579D581C90003F00801A88 /* MainViewController.xib in Resources */,
				608B3FE91C99346E00E0615B /* NotificationViewController.xib in Resources */,
				6097F9CB1C929ABC0053CE79 /* BasicAvatarCell.xib in Resources */,
				6097F9B11C9163D20053CE79 /* PersonalSecondCell.xib in Resources */,
				60579D621C900DAD00801A88 /* BasicViewController.xib in Resources */,
			);
			runOnlyForDeploymentPostprocessing = 0;
		};
		60579D311C8FC34D00801A88 /* Resources */ = {
			isa = PBXResourcesBuildPhase;
			buildActionMask = 2147483647;
			files = (
			);
			runOnlyForDeploymentPostprocessing = 0;
		};
		60579D3C1C8FC34D00801A88 /* Resources */ = {
			isa = PBXResourcesBuildPhase;
			buildActionMask = 2147483647;
			files = (
			);
			runOnlyForDeploymentPostprocessing = 0;
		};
/* End PBXResourcesBuildPhase section */

/* Begin PBXShellScriptBuildPhase section */
		644563BFBCB9AE618257F763 /* Copy Pods Resources */ = {
			isa = PBXShellScriptBuildPhase;
			buildActionMask = 2147483647;
			files = (
			);
			inputPaths = (
			);
			name = "Copy Pods Resources";
			outputPaths = (
			);
			runOnlyForDeploymentPostprocessing = 0;
			shellPath = /bin/sh;
			shellScript = "\"${SRCROOT}/Pods/Target Support Files/Pods/Pods-resources.sh\"\n";
			showEnvVarsInLog = 0;
		};
		6C9AE1540018E1D50C30488A /* Check Pods Manifest.lock */ = {
			isa = PBXShellScriptBuildPhase;
			buildActionMask = 2147483647;
			files = (
			);
			inputPaths = (
			);
			name = "Check Pods Manifest.lock";
			outputPaths = (
			);
			runOnlyForDeploymentPostprocessing = 0;
			shellPath = /bin/sh;
			shellScript = "diff \"${PODS_ROOT}/../Podfile.lock\" \"${PODS_ROOT}/Manifest.lock\" > /dev/null\nif [[ $? != 0 ]] ; then\n    cat << EOM\nerror: The sandbox is not in sync with the Podfile.lock. Run 'pod install' or update your CocoaPods installation.\nEOM\n    exit 1\nfi\n";
			showEnvVarsInLog = 0;
		};
		D1031E9C2625F0B4B2A3476D /* Embed Pods Frameworks */ = {
			isa = PBXShellScriptBuildPhase;
			buildActionMask = 2147483647;
			files = (
			);
			inputPaths = (
			);
			name = "Embed Pods Frameworks";
			outputPaths = (
			);
			runOnlyForDeploymentPostprocessing = 0;
			shellPath = /bin/sh;
			shellScript = "\"${SRCROOT}/Pods/Target Support Files/Pods/Pods-frameworks.sh\"\n";
			showEnvVarsInLog = 0;
		};
/* End PBXShellScriptBuildPhase section */

/* Begin PBXSourcesBuildPhase section */
		60579D161C8FC34D00801A88 /* Sources */ = {
			isa = PBXSourcesBuildPhase;
			buildActionMask = 2147483647;
			files = (
				6086BFBE1C968BB3001F3702 /* SetPwdViewController.m in Sources */,
				6097F9C61C92802E0053CE79 /* SettingVCDataSource.m in Sources */,
				6086BFB41C968B73001F3702 /* LoginViewController.m in Sources */,
				6097F9CF1C929C040053CE79 /* BasicInfoCell.m in Sources */,
				60B86A571C9BCFE50084858A /* AvatarViewController.m in Sources */,
				60579D251C8FC34D00801A88 /* ViewController.m in Sources */,
				608B3FE81C99346E00E0615B /* NotificationViewController.m in Sources */,
				60579D701C91106C00801A88 /* RiffNetworkManager.m in Sources */,
				6097F9B01C9163D20053CE79 /* PersonalSecondCell.m in Sources */,
				6086BFB91C968B98001F3702 /* SignupViewController.m in Sources */,
				6097F9B51C9171760053CE79 /* SocialViewController.m in Sources */,
				6097F9A61C91529F0053CE79 /* AdvCell.m in Sources */,
				60579D671C9022CE00801A88 /* RiffDataSource.m in Sources */,
				60579D221C8FC34D00801A88 /* AppDelegate.m in Sources */,
				60579D5C1C90050600801A88 /* RiffNavigationController.m in Sources */,
				60579D1F1C8FC34D00801A88 /* main.m in Sources */,
				6086BFAD1C966774001F3702 /* ExitCell.m in Sources */,
				60579D6D1C90230100801A88 /* SettingDataSource.m in Sources */,
				6097F9D71C92D0100053CE79 /* RiffViewController.m in Sources */,
				60579D571C90003F00801A88 /* MainViewController.m in Sources */,
				608B3FF81C99460E00E0615B /* BasicInfoAvatarCell.m in Sources */,
				6097F9BA1C927D470053CE79 /* BasicVCDataSource.m in Sources */,
				6097F9CA1C929ABC0053CE79 /* BasicAvatarCell.m in Sources */,
				60579D611C900DAD00801A88 /* BasicViewController.m in Sources */,
				6097F9AB1C915D3E0053CE79 /* PersonalFirstCell.m in Sources */,
				6097F9D31C92A02F0053CE79 /* BasicInfoDataSource.m in Sources */,
				608B3FED1C99373600E0615B /* NewNotificationCell.m in Sources */,
				608B3FF21C99454400E0615B /* BasicInfoViewController.m in Sources */,
				60579D6A1C9022E900801A88 /* PersonInfoDataSource.m in Sources */,
				6097F9BE1C927DC80053CE79 /* SettingViewController.m in Sources */,
				60B86A531C9B9E6C0084858A /* BasicInfoVCDataSource.m in Sources */,
			);
			runOnlyForDeploymentPostprocessing = 0;
		};
		60579D2F1C8FC34D00801A88 /* Sources */ = {
			isa = PBXSourcesBuildPhase;
			buildActionMask = 2147483647;
			files = (
				60579D381C8FC34D00801A88 /* RiffTests.m in Sources */,
			);
			runOnlyForDeploymentPostprocessing = 0;
		};
		60579D3A1C8FC34D00801A88 /* Sources */ = {
			isa = PBXSourcesBuildPhase;
			buildActionMask = 2147483647;
			files = (
				60579D431C8FC34D00801A88 /* RiffUITests.m in Sources */,
			);
			runOnlyForDeploymentPostprocessing = 0;
		};
/* End PBXSourcesBuildPhase section */

/* Begin PBXTargetDependency section */
		60579D351C8FC34D00801A88 /* PBXTargetDependency */ = {
			isa = PBXTargetDependency;
			target = 60579D191C8FC34D00801A88 /* Riff */;
			targetProxy = 60579D341C8FC34D00801A88 /* PBXContainerItemProxy */;
		};
		60579D401C8FC34D00801A88 /* PBXTargetDependency */ = {
			isa = PBXTargetDependency;
			target = 60579D191C8FC34D00801A88 /* Riff */;
			targetProxy = 60579D3F1C8FC34D00801A88 /* PBXContainerItemProxy */;
		};
/* End PBXTargetDependency section */

/* Begin PBXVariantGroup section */
		60579D261C8FC34D00801A88 /* Main.storyboard */ = {
			isa = PBXVariantGroup;
			children = (
				60579D271C8FC34D00801A88 /* Base */,
			);
			name = Main.storyboard;
			sourceTree = "<group>";
		};
		60579D2B1C8FC34D00801A88 /* LaunchScreen.storyboard */ = {
			isa = PBXVariantGroup;
			children = (
				60579D2C1C8FC34D00801A88 /* Base */,
			);
			name = LaunchScreen.storyboard;
			sourceTree = "<group>";
		};
/* End PBXVariantGroup section */

/* Begin XCBuildConfiguration section */
		60579D451C8FC34D00801A88 /* Debug */ = {
			isa = XCBuildConfiguration;
			buildSettings = {
				ALWAYS_SEARCH_USER_PATHS = NO;
				CLANG_CXX_LANGUAGE_STANDARD = "gnu++0x";
				CLANG_CXX_LIBRARY = "libc++";
				CLANG_ENABLE_MODULES = YES;
				CLANG_ENABLE_OBJC_ARC = YES;
				CLANG_WARN_BOOL_CONVERSION = YES;
				CLANG_WARN_CONSTANT_CONVERSION = YES;
				CLANG_WARN_DIRECT_OBJC_ISA_USAGE = YES_ERROR;
				CLANG_WARN_EMPTY_BODY = YES;
				CLANG_WARN_ENUM_CONVERSION = YES;
				CLANG_WARN_INT_CONVERSION = YES;
				CLANG_WARN_OBJC_ROOT_CLASS = YES_ERROR;
				CLANG_WARN_UNREACHABLE_CODE = YES;
				CLANG_WARN__DUPLICATE_METHOD_MATCH = YES;
				"CODE_SIGN_IDENTITY[sdk=iphoneos*]" = "iPhone Developer";
				COPY_PHASE_STRIP = NO;
				DEBUG_INFORMATION_FORMAT = dwarf;
				ENABLE_STRICT_OBJC_MSGSEND = YES;
				ENABLE_TESTABILITY = YES;
				GCC_C_LANGUAGE_STANDARD = gnu99;
				GCC_DYNAMIC_NO_PIC = NO;
				GCC_NO_COMMON_BLOCKS = YES;
				GCC_OPTIMIZATION_LEVEL = 0;
				GCC_PREPROCESSOR_DEFINITIONS = (
					"DEBUG=1",
					"$(inherited)",
				);
				GCC_WARN_64_TO_32_BIT_CONVERSION = YES;
				GCC_WARN_ABOUT_RETURN_TYPE = YES_ERROR;
				GCC_WARN_UNDECLARED_SELECTOR = YES;
				GCC_WARN_UNINITIALIZED_AUTOS = YES_AGGRESSIVE;
				GCC_WARN_UNUSED_FUNCTION = YES;
				GCC_WARN_UNUSED_VARIABLE = YES;
				IPHONEOS_DEPLOYMENT_TARGET = 9.2;
				MTL_ENABLE_DEBUG_INFO = YES;
				ONLY_ACTIVE_ARCH = YES;
				PROVISIONING_PROFILE = "";
				SDKROOT = iphoneos;
				TARGETED_DEVICE_FAMILY = "1,2";
			};
			name = Debug;
		};
		60579D461C8FC34D00801A88 /* Release */ = {
			isa = XCBuildConfiguration;
			buildSettings = {
				ALWAYS_SEARCH_USER_PATHS = NO;
				CLANG_CXX_LANGUAGE_STANDARD = "gnu++0x";
				CLANG_CXX_LIBRARY = "libc++";
				CLANG_ENABLE_MODULES = YES;
				CLANG_ENABLE_OBJC_ARC = YES;
				CLANG_WARN_BOOL_CONVERSION = YES;
				CLANG_WARN_CONSTANT_CONVERSION = YES;
				CLANG_WARN_DIRECT_OBJC_ISA_USAGE = YES_ERROR;
				CLANG_WARN_EMPTY_BODY = YES;
				CLANG_WARN_ENUM_CONVERSION = YES;
				CLANG_WARN_INT_CONVERSION = YES;
				CLANG_WARN_OBJC_ROOT_CLASS = YES_ERROR;
				CLANG_WARN_UNREACHABLE_CODE = YES;
				CLANG_WARN__DUPLICATE_METHOD_MATCH = YES;
				"CODE_SIGN_IDENTITY[sdk=iphoneos*]" = "iPhone Developer";
				COPY_PHASE_STRIP = NO;
				DEBUG_INFORMATION_FORMAT = "dwarf-with-dsym";
				ENABLE_NS_ASSERTIONS = NO;
				ENABLE_STRICT_OBJC_MSGSEND = YES;
				GCC_C_LANGUAGE_STANDARD = gnu99;
				GCC_NO_COMMON_BLOCKS = YES;
				GCC_WARN_64_TO_32_BIT_CONVERSION = YES;
				GCC_WARN_ABOUT_RETURN_TYPE = YES_ERROR;
				GCC_WARN_UNDECLARED_SELECTOR = YES;
				GCC_WARN_UNINITIALIZED_AUTOS = YES_AGGRESSIVE;
				GCC_WARN_UNUSED_FUNCTION = YES;
				GCC_WARN_UNUSED_VARIABLE = YES;
				IPHONEOS_DEPLOYMENT_TARGET = 9.2;
				MTL_ENABLE_DEBUG_INFO = NO;
				PROVISIONING_PROFILE = "";
				SDKROOT = iphoneos;
				TARGETED_DEVICE_FAMILY = "1,2";
				VALIDATE_PRODUCT = YES;
			};
			name = Release;
		};
		60579D481C8FC34D00801A88 /* Debug */ = {
			isa = XCBuildConfiguration;
			baseConfigurationReference = B36DC9E0C8F885878ADA7F0E /* Pods.debug.xcconfig */;
			buildSettings = {
				ASSETCATALOG_COMPILER_APPICON_NAME = AppIcon;
				CODE_SIGN_IDENTITY = "iPhone Developer";
				"CODE_SIGN_IDENTITY[sdk=iphoneos*]" = "iPhone Developer";
				INFOPLIST_FILE = Riff/Info.plist;
				IPHONEOS_DEPLOYMENT_TARGET = 8.0;
				LD_RUNPATH_SEARCH_PATHS = "$(inherited) @executable_path/Frameworks";
				PRODUCT_BUNDLE_IDENTIFIER = org.scau.bighead.Riff;
				PRODUCT_NAME = "$(TARGET_NAME)";
				PROVISIONING_PROFILE = "";
				TARGETED_DEVICE_FAMILY = 1;
			};
			name = Debug;
		};
		60579D491C8FC34D00801A88 /* Release */ = {
			isa = XCBuildConfiguration;
			baseConfigurationReference = B0C87C348C9ECF110EE0F837 /* Pods.release.xcconfig */;
			buildSettings = {
				ASSETCATALOG_COMPILER_APPICON_NAME = AppIcon;
				CODE_SIGN_IDENTITY = "iPhone Developer";
				"CODE_SIGN_IDENTITY[sdk=iphoneos*]" = "iPhone Developer";
				INFOPLIST_FILE = Riff/Info.plist;
				IPHONEOS_DEPLOYMENT_TARGET = 8.0;
				LD_RUNPATH_SEARCH_PATHS = "$(inherited) @executable_path/Frameworks";
				PRODUCT_BUNDLE_IDENTIFIER = org.scau.bighead.Riff;
				PRODUCT_NAME = "$(TARGET_NAME)";
				PROVISIONING_PROFILE = "";
				TARGETED_DEVICE_FAMILY = 1;
			};
			name = Release;
		};
		60579D4B1C8FC34D00801A88 /* Debug */ = {
			isa = XCBuildConfiguration;
			buildSettings = {
				BUNDLE_LOADER = "$(TEST_HOST)";
				INFOPLIST_FILE = RiffTests/Info.plist;
				LD_RUNPATH_SEARCH_PATHS = "$(inherited) @executable_path/Frameworks @loader_path/Frameworks";
				PRODUCT_BUNDLE_IDENTIFIER = org.scau.bighead.RiffTests;
				PRODUCT_NAME = "$(TARGET_NAME)";
				TEST_HOST = "$(BUILT_PRODUCTS_DIR)/Riff.app/Riff";
			};
			name = Debug;
		};
		60579D4C1C8FC34D00801A88 /* Release */ = {
			isa = XCBuildConfiguration;
			buildSettings = {
				BUNDLE_LOADER = "$(TEST_HOST)";
				INFOPLIST_FILE = RiffTests/Info.plist;
				LD_RUNPATH_SEARCH_PATHS = "$(inherited) @executable_path/Frameworks @loader_path/Frameworks";
				PRODUCT_BUNDLE_IDENTIFIER = org.scau.bighead.RiffTests;
				PRODUCT_NAME = "$(TARGET_NAME)";
				TEST_HOST = "$(BUILT_PRODUCTS_DIR)/Riff.app/Riff";
			};
			name = Release;
		};
		60579D4E1C8FC34D00801A88 /* Debug */ = {
			isa = XCBuildConfiguration;
			buildSettings = {
				INFOPLIST_FILE = RiffUITests/Info.plist;
				LD_RUNPATH_SEARCH_PATHS = "$(inherited) @executable_path/Frameworks @loader_path/Frameworks";
				PRODUCT_BUNDLE_IDENTIFIER = org.scau.bighead.RiffUITests;
				PRODUCT_NAME = "$(TARGET_NAME)";
				TEST_TARGET_NAME = Riff;
				USES_XCTRUNNER = YES;
			};
			name = Debug;
		};
		60579D4F1C8FC34D00801A88 /* Release */ = {
			isa = XCBuildConfiguration;
			buildSettings = {
				INFOPLIST_FILE = RiffUITests/Info.plist;
				LD_RUNPATH_SEARCH_PATHS = "$(inherited) @executable_path/Frameworks @loader_path/Frameworks";
				PRODUCT_BUNDLE_IDENTIFIER = org.scau.bighead.RiffUITests;
				PRODUCT_NAME = "$(TARGET_NAME)";
				TEST_TARGET_NAME = Riff;
				USES_XCTRUNNER = YES;
			};
			name = Release;
		};
/* End XCBuildConfiguration section */

/* Begin XCConfigurationList section */
		60579D151C8FC34D00801A88 /* Build configuration list for PBXProject "Riff" */ = {
			isa = XCConfigurationList;
			buildConfigurations = (
				60579D451C8FC34D00801A88 /* Debug */,
				60579D461C8FC34D00801A88 /* Release */,
			);
			defaultConfigurationIsVisible = 0;
			defaultConfigurationName = Release;
		};
		60579D471C8FC34D00801A88 /* Build configuration list for PBXNativeTarget "Riff" */ = {
			isa = XCConfigurationList;
			buildConfigurations = (
				60579D481C8FC34D00801A88 /* Debug */,
				60579D491C8FC34D00801A88 /* Release */,
			);
			defaultConfigurationIsVisible = 0;
			defaultConfigurationName = Release;
		};
		60579D4A1C8FC34D00801A88 /* Build configuration list for PBXNativeTarget "RiffTests" */ = {
			isa = XCConfigurationList;
			buildConfigurations = (
				60579D4B1C8FC34D00801A88 /* Debug */,
				60579D4C1C8FC34D00801A88 /* Release */,
			);
			defaultConfigurationIsVisible = 0;
			defaultConfigurationName = Release;
		};
		60579D4D1C8FC34D00801A88 /* Build configuration list for PBXNativeTarget "RiffUITests" */ = {
			isa = XCConfigurationList;
			buildConfigurations = (
				60579D4E1C8FC34D00801A88 /* Debug */,
				60579D4F1C8FC34D00801A88 /* Release */,
			);
			defaultConfigurationIsVisible = 0;
			defaultConfigurationName = Release;
		};
/* End XCConfigurationList section */
	};
	rootObject = 60579D121C8FC34D00801A88 /* Project object */;
}
